// !$*UTF8*$!
{
	archiveVersion = 1;
	classes = {
	};
	objectVersion = 46;
	objects = {

/* Begin PBXBuildFile section */
		B60A84F618673554006E26EB /* flyPath.cpp in Sources */ = {isa = PBXBuildFile; fileRef = B60A84F418673554006E26EB /* flyPath.cpp */; };
		B60A84F91867A5E9006E26EB /* flipColorPath.cpp in Sources */ = {isa = PBXBuildFile; fileRef = B60A84F71867A5E9006E26EB /* flipColorPath.cpp */; };
		B60A84FC186940A3006E26EB /* endPath.cpp in Sources */ = {isa = PBXBuildFile; fileRef = B60A84FA186940A3006E26EB /* endPath.cpp */; };
		B60A850118694C1F006E26EB /* screenController.cpp in Sources */ = {isa = PBXBuildFile; fileRef = B60A84FF18694C1F006E26EB /* screenController.cpp */; };
		B60A8507186A1466006E26EB /* levelScreen.cpp in Sources */ = {isa = PBXBuildFile; fileRef = B60A8505186A1466006E26EB /* levelScreen.cpp */; };
		B60A850A186A20FA006E26EB /* levelSelectScreen.cpp in Sources */ = {isa = PBXBuildFile; fileRef = B60A8508186A20FA006E26EB /* levelSelectScreen.cpp */; };
		B60A850D186A91E1006E26EB /* pathMaker.cpp in Sources */ = {isa = PBXBuildFile; fileRef = B60A850B186A91E1006E26EB /* pathMaker.cpp */; };
		B61B880F1847AD20009F75D5 /* main.cpp in Sources */ = {isa = PBXBuildFile; fileRef = B61B880E1847AD20009F75D5 /* main.cpp */; };
		B61B88111847AD20009F75D5 /* Code_C.1 in CopyFiles */ = {isa = PBXBuildFile; fileRef = B61B88101847AD20009F75D5 /* Code_C.1 */; };
		B61B88261847B321009F75D5 /* SDLMain.m in Sources */ = {isa = PBXBuildFile; fileRef = B61B88251847B321009F75D5 /* SDLMain.m */; };
		B61B88281847B3BC009F75D5 /* OpenGL.framework in Frameworks */ = {isa = PBXBuildFile; fileRef = B61B88271847B3BC009F75D5 /* OpenGL.framework */; };
		B61B882A1847B3C6009F75D5 /* GLUT.framework in Frameworks */ = {isa = PBXBuildFile; fileRef = B61B88291847B3C6009F75D5 /* GLUT.framework */; };
		B61B882C1847B3F6009F75D5 /* SDL.framework in Frameworks */ = {isa = PBXBuildFile; fileRef = B61B882B1847B3F6009F75D5 /* SDL.framework */; };
		B61B882E1847B47C009F75D5 /* Cocoa.framework in Frameworks */ = {isa = PBXBuildFile; fileRef = B61B882D1847B47C009F75D5 /* Cocoa.framework */; };
		B61B88311847B614009F75D5 /* stopWatch.cpp in Sources */ = {isa = PBXBuildFile; fileRef = B61B882F1847B614009F75D5 /* stopWatch.cpp */; };
		B61B88341847B990009F75D5 /* point.cpp in Sources */ = {isa = PBXBuildFile; fileRef = B61B88321847B990009F75D5 /* point.cpp */; };
		B61B8838184808F8009F75D5 /* protagonist.cpp in Sources */ = {isa = PBXBuildFile; fileRef = B61B8836184808F8009F75D5 /* protagonist.cpp */; };
		B61B88441848E62C009F75D5 /* color.cpp in Sources */ = {isa = PBXBuildFile; fileRef = B61B88421848E62C009F75D5 /* color.cpp */; };
		B61B88471848FED6009F75D5 /* vector.cpp in Sources */ = {isa = PBXBuildFile; fileRef = B61B88451848FED6009F75D5 /* vector.cpp */; };
		B61B884A184A5BD3009F75D5 /* camera.cpp in Sources */ = {isa = PBXBuildFile; fileRef = B61B8848184A5BD3009F75D5 /* camera.cpp */; };
		B61B884E184A62C1009F75D5 /* algebra.cpp in Sources */ = {isa = PBXBuildFile; fileRef = B61B884C184A62C1009F75D5 /* algebra.cpp */; };
		B61B8851184AB879009F75D5 /* path.cpp in Sources */ = {isa = PBXBuildFile; fileRef = B61B884F184AB879009F75D5 /* path.cpp */; };
		B65C9055184D205B00B9D7E2 /* utility.cpp in Sources */ = {isa = PBXBuildFile; fileRef = B65C9053184D205B00B9D7E2 /* utility.cpp */; };
		B65C90581852426F00B9D7E2 /* matrix.cpp in Sources */ = {isa = PBXBuildFile; fileRef = B65C90561852426F00B9D7E2 /* matrix.cpp */; };
		B66F2A95185FDFC300317074 /* colorRule.cpp in Sources */ = {isa = PBXBuildFile; fileRef = B66F2A93185FDFC300317074 /* colorRule.cpp */; };
		B67D983E185A01C90029AF82 /* shader.cpp in Sources */ = {isa = PBXBuildFile; fileRef = B67D983C185A01C90029AF82 /* shader.cpp */; };
		B67D9844185A03680029AF82 /* loadPNG.cpp in Sources */ = {isa = PBXBuildFile; fileRef = B67D9840185A03680029AF82 /* loadPNG.cpp */; };
		B67D9845185A03680029AF82 /* texture.cpp in Sources */ = {isa = PBXBuildFile; fileRef = B67D9842185A03680029AF82 /* texture.cpp */; };
		B67D9857185D19DE0029AF82 /* flipPath.cpp in Sources */ = {isa = PBXBuildFile; fileRef = B67D9855185D19DE0029AF82 /* flipPath.cpp */; };
/* End PBXBuildFile section */

/* Begin PBXCopyFilesBuildPhase section */
		B61B88091847AD20009F75D5 /* CopyFiles */ = {
			isa = PBXCopyFilesBuildPhase;
			buildActionMask = 2147483647;
			dstPath = /usr/share/man/man1/;
			dstSubfolderSpec = 0;
			files = (
				B61B88111847AD20009F75D5 /* Code_C.1 in CopyFiles */,
			);
			runOnlyForDeploymentPostprocessing = 1;
		};
/* End PBXCopyFilesBuildPhase section */

/* Begin PBXFileReference section */
		B60A84F418673554006E26EB /* flyPath.cpp */ = {isa = PBXFileReference; fileEncoding = 4; lastKnownFileType = sourcecode.cpp.cpp; path = flyPath.cpp; sourceTree = "<group>"; };
		B60A84F518673554006E26EB /* flyPath.h */ = {isa = PBXFileReference; fileEncoding = 4; lastKnownFileType = sourcecode.c.h; path = flyPath.h; sourceTree = "<group>"; };
		B60A84F71867A5E9006E26EB /* flipColorPath.cpp */ = {isa = PBXFileReference; fileEncoding = 4; lastKnownFileType = sourcecode.cpp.cpp; path = flipColorPath.cpp; sourceTree = "<group>"; };
		B60A84F81867A5E9006E26EB /* flipColorPath.h */ = {isa = PBXFileReference; fileEncoding = 4; lastKnownFileType = sourcecode.c.h; path = flipColorPath.h; sourceTree = "<group>"; };
		B60A84FA186940A3006E26EB /* endPath.cpp */ = {isa = PBXFileReference; fileEncoding = 4; lastKnownFileType = sourcecode.cpp.cpp; path = endPath.cpp; sourceTree = "<group>"; };
		B60A84FB186940A3006E26EB /* endPath.h */ = {isa = PBXFileReference; fileEncoding = 4; lastKnownFileType = sourcecode.c.h; path = endPath.h; sourceTree = "<group>"; };
		B60A84FE18694BA5006E26EB /* screen.h */ = {isa = PBXFileReference; lastKnownFileType = sourcecode.c.h; path = screen.h; sourceTree = "<group>"; };
		B60A84FF18694C1F006E26EB /* screenController.cpp */ = {isa = PBXFileReference; fileEncoding = 4; lastKnownFileType = sourcecode.cpp.cpp; path = screenController.cpp; sourceTree = "<group>"; };
		B60A850018694C1F006E26EB /* screenController.h */ = {isa = PBXFileReference; fileEncoding = 4; lastKnownFileType = sourcecode.c.h; path = screenController.h; sourceTree = "<group>"; };
		B60A8505186A1466006E26EB /* levelScreen.cpp */ = {isa = PBXFileReference; fileEncoding = 4; lastKnownFileType = sourcecode.cpp.cpp; path = levelScreen.cpp; sourceTree = "<group>"; };
		B60A8506186A1466006E26EB /* levelScreen.h */ = {isa = PBXFileReference; fileEncoding = 4; lastKnownFileType = sourcecode.c.h; path = levelScreen.h; sourceTree = "<group>"; };
		B60A8508186A20FA006E26EB /* levelSelectScreen.cpp */ = {isa = PBXFileReference; fileEncoding = 4; lastKnownFileType = sourcecode.cpp.cpp; path = levelSelectScreen.cpp; sourceTree = "<group>"; };
		B60A8509186A20FA006E26EB /* levelSelectScreen.h */ = {isa = PBXFileReference; fileEncoding = 4; lastKnownFileType = sourcecode.c.h; path = levelSelectScreen.h; sourceTree = "<group>"; };
		B60A850B186A91E1006E26EB /* pathMaker.cpp */ = {isa = PBXFileReference; fileEncoding = 4; lastKnownFileType = sourcecode.cpp.cpp; path = pathMaker.cpp; sourceTree = "<group>"; };
		B60A850C186A91E1006E26EB /* pathMaker.h */ = {isa = PBXFileReference; fileEncoding = 4; lastKnownFileType = sourcecode.c.h; path = pathMaker.h; sourceTree = "<group>"; };
		B60A8510186AA46E006E26EB /* parser.h */ = {isa = PBXFileReference; lastKnownFileType = sourcecode.c.h; path = parser.h; sourceTree = "<group>"; };
		B60A8514186BD22F006E26EB /* parseError.h */ = {isa = PBXFileReference; fileEncoding = 4; lastKnownFileType = sourcecode.c.h; path = parseError.h; sourceTree = "<group>"; };
		B60A8515186BEDFB006E26EB /* level1.txt */ = {isa = PBXFileReference; fileEncoding = 4; lastKnownFileType = text; path = level1.txt; sourceTree = "<group>"; };
		B61B880B1847AD20009F75D5 /* Code-C */ = {isa = PBXFileReference; explicitFileType = "compiled.mach-o.executable"; includeInIndex = 0; path = "Code-C"; sourceTree = BUILT_PRODUCTS_DIR; };
		B61B880E1847AD20009F75D5 /* main.cpp */ = {isa = PBXFileReference; lastKnownFileType = sourcecode.cpp.cpp; path = main.cpp; sourceTree = "<group>"; };
		B61B88101847AD20009F75D5 /* Code_C.1 */ = {isa = PBXFileReference; lastKnownFileType = text.man; path = Code_C.1; sourceTree = "<group>"; };
		B61B88241847B321009F75D5 /* SDLMain.h */ = {isa = PBXFileReference; fileEncoding = 4; lastKnownFileType = sourcecode.c.h; path = SDLMain.h; sourceTree = "<group>"; };
		B61B88251847B321009F75D5 /* SDLMain.m */ = {isa = PBXFileReference; fileEncoding = 4; lastKnownFileType = sourcecode.c.objc; path = SDLMain.m; sourceTree = "<group>"; };
		B61B88271847B3BC009F75D5 /* OpenGL.framework */ = {isa = PBXFileReference; lastKnownFileType = wrapper.framework; name = OpenGL.framework; path = System/Library/Frameworks/OpenGL.framework; sourceTree = SDKROOT; };
		B61B88291847B3C6009F75D5 /* GLUT.framework */ = {isa = PBXFileReference; lastKnownFileType = wrapper.framework; name = GLUT.framework; path = System/Library/Frameworks/GLUT.framework; sourceTree = SDKROOT; };
		B61B882B1847B3F6009F75D5 /* SDL.framework */ = {isa = PBXFileReference; lastKnownFileType = wrapper.framework; name = SDL.framework; path = ../../../../Library/Frameworks/SDL.framework; sourceTree = "<group>"; };
		B61B882D1847B47C009F75D5 /* Cocoa.framework */ = {isa = PBXFileReference; lastKnownFileType = wrapper.framework; name = Cocoa.framework; path = System/Library/Frameworks/Cocoa.framework; sourceTree = SDKROOT; };
		B61B882F1847B614009F75D5 /* stopWatch.cpp */ = {isa = PBXFileReference; fileEncoding = 4; lastKnownFileType = sourcecode.cpp.cpp; path = stopWatch.cpp; sourceTree = "<group>"; };
		B61B88301847B614009F75D5 /* stopWatch.h */ = {isa = PBXFileReference; fileEncoding = 4; lastKnownFileType = sourcecode.c.h; path = stopWatch.h; sourceTree = "<group>"; };
		B61B88321847B990009F75D5 /* point.cpp */ = {isa = PBXFileReference; fileEncoding = 4; lastKnownFileType = sourcecode.cpp.cpp; path = point.cpp; sourceTree = "<group>"; };
		B61B88331847B990009F75D5 /* point.h */ = {isa = PBXFileReference; fileEncoding = 4; lastKnownFileType = sourcecode.c.h; path = point.h; sourceTree = "<group>"; };
		B61B883518480732009F75D5 /* sprite.h */ = {isa = PBXFileReference; fileEncoding = 4; lastKnownFileType = sourcecode.c.h; path = sprite.h; sourceTree = "<group>"; };
		B61B8836184808F8009F75D5 /* protagonist.cpp */ = {isa = PBXFileReference; fileEncoding = 4; lastKnownFileType = sourcecode.cpp.cpp; path = protagonist.cpp; sourceTree = "<group>"; };
		B61B8837184808F8009F75D5 /* protagonist.h */ = {isa = PBXFileReference; fileEncoding = 4; lastKnownFileType = sourcecode.c.h; path = protagonist.h; sourceTree = "<group>"; };
		B61B88421848E62C009F75D5 /* color.cpp */ = {isa = PBXFileReference; fileEncoding = 4; lastKnownFileType = sourcecode.cpp.cpp; path = color.cpp; sourceTree = "<group>"; };
		B61B88431848E62C009F75D5 /* color.h */ = {isa = PBXFileReference; fileEncoding = 4; lastKnownFileType = sourcecode.c.h; path = color.h; sourceTree = "<group>"; };
		B61B88451848FED6009F75D5 /* vector.cpp */ = {isa = PBXFileReference; fileEncoding = 4; lastKnownFileType = sourcecode.cpp.cpp; path = vector.cpp; sourceTree = "<group>"; };
		B61B88461848FED6009F75D5 /* vector.h */ = {isa = PBXFileReference; fileEncoding = 4; lastKnownFileType = sourcecode.c.h; path = vector.h; sourceTree = "<group>"; };
		B61B8848184A5BD3009F75D5 /* camera.cpp */ = {isa = PBXFileReference; fileEncoding = 4; lastKnownFileType = sourcecode.cpp.cpp; path = camera.cpp; sourceTree = "<group>"; };
		B61B8849184A5BD3009F75D5 /* camera.h */ = {isa = PBXFileReference; fileEncoding = 4; lastKnownFileType = sourcecode.c.h; path = camera.h; sourceTree = "<group>"; };
		B61B884C184A62C1009F75D5 /* algebra.cpp */ = {isa = PBXFileReference; fileEncoding = 4; lastKnownFileType = sourcecode.cpp.cpp; path = algebra.cpp; sourceTree = "<group>"; };
		B61B884D184A62C1009F75D5 /* algebra.h */ = {isa = PBXFileReference; fileEncoding = 4; lastKnownFileType = sourcecode.c.h; path = algebra.h; sourceTree = "<group>"; };
		B61B884F184AB879009F75D5 /* path.cpp */ = {isa = PBXFileReference; fileEncoding = 4; lastKnownFileType = sourcecode.cpp.cpp; path = path.cpp; sourceTree = "<group>"; };
		B61B8850184AB879009F75D5 /* path.h */ = {isa = PBXFileReference; fileEncoding = 4; lastKnownFileType = sourcecode.c.h; path = path.h; sourceTree = "<group>"; };
		B65C9053184D205B00B9D7E2 /* utility.cpp */ = {isa = PBXFileReference; fileEncoding = 4; lastKnownFileType = sourcecode.cpp.cpp; path = utility.cpp; sourceTree = "<group>"; };
		B65C9054184D205B00B9D7E2 /* utility.h */ = {isa = PBXFileReference; fileEncoding = 4; lastKnownFileType = sourcecode.c.h; path = utility.h; sourceTree = "<group>"; };
		B65C90561852426F00B9D7E2 /* matrix.cpp */ = {isa = PBXFileReference; fileEncoding = 4; lastKnownFileType = sourcecode.cpp.cpp; path = matrix.cpp; sourceTree = "<group>"; };
		B65C90571852426F00B9D7E2 /* matrix.h */ = {isa = PBXFileReference; fileEncoding = 4; lastKnownFileType = sourcecode.c.h; path = matrix.h; sourceTree = "<group>"; };
		B66F2A93185FDFC300317074 /* colorRule.cpp */ = {isa = PBXFileReference; fileEncoding = 4; lastKnownFileType = sourcecode.cpp.cpp; path = colorRule.cpp; sourceTree = "<group>"; };
		B66F2A94185FDFC300317074 /* colorRule.h */ = {isa = PBXFileReference; fileEncoding = 4; lastKnownFileType = sourcecode.c.h; path = colorRule.h; sourceTree = "<group>"; };
		B67D983C185A01C90029AF82 /* shader.cpp */ = {isa = PBXFileReference; fileEncoding = 4; lastKnownFileType = sourcecode.cpp.cpp; path = shader.cpp; sourceTree = "<group>"; };
		B67D983D185A01C90029AF82 /* shader.h */ = {isa = PBXFileReference; fileEncoding = 4; lastKnownFileType = sourcecode.c.h; path = shader.h; sourceTree = "<group>"; };
		B67D9840185A03680029AF82 /* loadPNG.cpp */ = {isa = PBXFileReference; fileEncoding = 4; lastKnownFileType = sourcecode.cpp.cpp; path = loadPNG.cpp; sourceTree = "<group>"; };
		B67D9841185A03680029AF82 /* loadPNG.h */ = {isa = PBXFileReference; fileEncoding = 4; lastKnownFileType = sourcecode.c.h; path = loadPNG.h; sourceTree = "<group>"; };
		B67D9842185A03680029AF82 /* texture.cpp */ = {isa = PBXFileReference; fileEncoding = 4; lastKnownFileType = sourcecode.cpp.cpp; path = texture.cpp; sourceTree = "<group>"; };
		B67D9843185A03680029AF82 /* texture.h */ = {isa = PBXFileReference; fileEncoding = 4; lastKnownFileType = sourcecode.c.h; path = texture.h; sourceTree = "<group>"; };
		B67D9848185B8F4C0029AF82 /* marble.png */ = {isa = PBXFileReference; lastKnownFileType = image.png; path = marble.png; sourceTree = "<group>"; };
		B67D9855185D19DE0029AF82 /* flipPath.cpp */ = {isa = PBXFileReference; fileEncoding = 4; lastKnownFileType = sourcecode.cpp.cpp; path = flipPath.cpp; sourceTree = "<group>"; };
		B67D9856185D19DE0029AF82 /* flipPath.h */ = {isa = PBXFileReference; fileEncoding = 4; lastKnownFileType = sourcecode.c.h; path = flipPath.h; sourceTree = "<group>"; };
		B69073E2186E00520097F6C3 /* level2.txt */ = {isa = PBXFileReference; fileEncoding = 4; lastKnownFileType = text; path = level2.txt; sourceTree = "<group>"; };
/* End PBXFileReference section */

/* Begin PBXFrameworksBuildPhase section */
		B61B88081847AD20009F75D5 /* Frameworks */ = {
			isa = PBXFrameworksBuildPhase;
			buildActionMask = 2147483647;
			files = (
				B61B882E1847B47C009F75D5 /* Cocoa.framework in Frameworks */,
				B61B882C1847B3F6009F75D5 /* SDL.framework in Frameworks */,
				B61B882A1847B3C6009F75D5 /* GLUT.framework in Frameworks */,
				B61B88281847B3BC009F75D5 /* OpenGL.framework in Frameworks */,
			);
			runOnlyForDeploymentPostprocessing = 0;
		};
/* End PBXFrameworksBuildPhase section */

/* Begin PBXGroup section */
		B60A84FD18694B97006E26EB /* screen */ = {
			isa = PBXGroup;
			children = (
				B60A84FE18694BA5006E26EB /* screen.h */,
				B60A84FF18694C1F006E26EB /* screenController.cpp */,
				B60A850018694C1F006E26EB /* screenController.h */,
				B60A8505186A1466006E26EB /* levelScreen.cpp */,
				B60A8506186A1466006E26EB /* levelScreen.h */,
				B60A8508186A20FA006E26EB /* levelSelectScreen.cpp */,
				B60A8509186A20FA006E26EB /* levelSelectScreen.h */,
			);
			name = screen;
			sourceTree = "<group>";
		};
		B60A850E186AA1AA006E26EB /* interface */ = {
			isa = PBXGroup;
			children = (
				B61B883518480732009F75D5 /* sprite.h */,
				B60A8510186AA46E006E26EB /* parser.h */,
				B60A8514186BD22F006E26EB /* parseError.h */,
			);
			name = interface;
			sourceTree = "<group>";
		};
		B60A851B186D2A00006E26EB /* level */ = {
			isa = PBXGroup;
			children = (
				B60A8515186BEDFB006E26EB /* level1.txt */,
				B69073E2186E00520097F6C3 /* level2.txt */,
			);
			name = level;
			sourceTree = "<group>";
		};
		B61B88021847AD20009F75D5 = {
			isa = PBXGroup;
			children = (
				B61B882D1847B47C009F75D5 /* Cocoa.framework */,
				B61B882B1847B3F6009F75D5 /* SDL.framework */,
				B61B88291847B3C6009F75D5 /* GLUT.framework */,
				B61B88271847B3BC009F75D5 /* OpenGL.framework */,
				B61B880D1847AD20009F75D5 /* Code-C */,
				B61B880C1847AD20009F75D5 /* Products */,
			);
			sourceTree = "<group>";
		};
		B61B880C1847AD20009F75D5 /* Products */ = {
			isa = PBXGroup;
			children = (
				B61B880B1847AD20009F75D5 /* Code-C */,
			);
			name = Products;
			sourceTree = "<group>";
		};
		B61B880D1847AD20009F75D5 /* Code-C */ = {
			isa = PBXGroup;
			children = (
				B60A851B186D2A00006E26EB /* level */,
				B66F2A92185FDE6000317074 /* color */,
				B67D9847185B8F410029AF82 /* image */,
				B67D983F185A02660029AF82 /* shader */,
				B61B884B184A6254009F75D5 /* algebra */,
				B67D9846185A03A50029AF82 /* texture */,
				B61B8852184ABD94009F75D5 /* path */,
				B60A850E186AA1AA006E26EB /* interface */,
				B60A84FD18694B97006E26EB /* screen */,
				B61B8837184808F8009F75D5 /* protagonist.h */,
				B61B8836184808F8009F75D5 /* protagonist.cpp */,
				B61B882F1847B614009F75D5 /* stopWatch.cpp */,
				B61B88301847B614009F75D5 /* stopWatch.h */,
				B61B880E1847AD20009F75D5 /* main.cpp */,
				B61B88101847AD20009F75D5 /* Code_C.1 */,
				B61B88241847B321009F75D5 /* SDLMain.h */,
				B61B88251847B321009F75D5 /* SDLMain.m */,
				B61B8848184A5BD3009F75D5 /* camera.cpp */,
				B61B8849184A5BD3009F75D5 /* camera.h */,
			);
			path = "Code-C";
			sourceTree = "<group>";
		};
		B61B884B184A6254009F75D5 /* algebra */ = {
			isa = PBXGroup;
			children = (
				B61B884C184A62C1009F75D5 /* algebra.cpp */,
				B61B884D184A62C1009F75D5 /* algebra.h */,
				B61B88321847B990009F75D5 /* point.cpp */,
				B61B88331847B990009F75D5 /* point.h */,
				B61B88451848FED6009F75D5 /* vector.cpp */,
				B61B88461848FED6009F75D5 /* vector.h */,
				B65C9053184D205B00B9D7E2 /* utility.cpp */,
				B65C9054184D205B00B9D7E2 /* utility.h */,
				B65C90561852426F00B9D7E2 /* matrix.cpp */,
				B65C90571852426F00B9D7E2 /* matrix.h */,
			);
			name = algebra;
			sourceTree = "<group>";
		};
		B61B8852184ABD94009F75D5 /* path */ = {
			isa = PBXGroup;
			children = (
				B61B884F184AB879009F75D5 /* path.cpp */,
				B61B8850184AB879009F75D5 /* path.h */,
				B67D9855185D19DE0029AF82 /* flipPath.cpp */,
				B67D9856185D19DE0029AF82 /* flipPath.h */,
				B60A84F71867A5E9006E26EB /* flipColorPath.cpp */,
				B60A84F81867A5E9006E26EB /* flipColorPath.h */,
				B60A84F418673554006E26EB /* flyPath.cpp */,
				B60A84F518673554006E26EB /* flyPath.h */,
				B60A84FA186940A3006E26EB /* endPath.cpp */,
				B60A84FB186940A3006E26EB /* endPath.h */,
				B60A850B186A91E1006E26EB /* pathMaker.cpp */,
				B60A850C186A91E1006E26EB /* pathMaker.h */,
			);
			name = path;
			sourceTree = "<group>";
		};
		B66F2A92185FDE6000317074 /* color */ = {
			isa = PBXGroup;
			children = (
				B61B88421848E62C009F75D5 /* color.cpp */,
				B61B88431848E62C009F75D5 /* color.h */,
				B66F2A93185FDFC300317074 /* colorRule.cpp */,
				B66F2A94185FDFC300317074 /* colorRule.h */,
			);
			name = color;
			sourceTree = "<group>";
		};
		B67D983F185A02660029AF82 /* shader */ = {
			isa = PBXGroup;
			children = (
				B67D983C185A01C90029AF82 /* shader.cpp */,
				B67D983D185A01C90029AF82 /* shader.h */,
			);
			name = shader;
			sourceTree = "<group>";
		};
		B67D9846185A03A50029AF82 /* texture */ = {
			isa = PBXGroup;
			children = (
				B67D9840185A03680029AF82 /* loadPNG.cpp */,
				B67D9841185A03680029AF82 /* loadPNG.h */,
				B67D9842185A03680029AF82 /* texture.cpp */,
				B67D9843185A03680029AF82 /* texture.h */,
			);
			name = texture;
			sourceTree = "<group>";
		};
		B67D9847185B8F410029AF82 /* image */ = {
			isa = PBXGroup;
			children = (
				B67D9848185B8F4C0029AF82 /* marble.png */,
			);
			name = image;
			sourceTree = "<group>";
		};
/* End PBXGroup section */

/* Begin PBXNativeTarget section */
		B61B880A1847AD20009F75D5 /* Code-C */ = {
			isa = PBXNativeTarget;
			buildConfigurationList = B61B88141847AD20009F75D5 /* Build configuration list for PBXNativeTarget "Code-C" */;
			buildPhases = (
				B61B88071847AD20009F75D5 /* Sources */,
				B61B88081847AD20009F75D5 /* Frameworks */,
				B61B88091847AD20009F75D5 /* CopyFiles */,
			);
			buildRules = (
			);
			dependencies = (
			);
			name = "Code-C";
			productName = "Code-C";
			productReference = B61B880B1847AD20009F75D5 /* Code-C */;
			productType = "com.apple.product-type.tool";
		};
/* End PBXNativeTarget section */

/* Begin PBXProject section */
		B61B88031847AD20009F75D5 /* Project object */ = {
			isa = PBXProject;
			attributes = {
				LastUpgradeCheck = 0500;
				ORGANIZATIONNAME = Yue;
			};
			buildConfigurationList = B61B88061847AD20009F75D5 /* Build configuration list for PBXProject "Code-C" */;
			compatibilityVersion = "Xcode 3.2";
			developmentRegion = English;
			hasScannedForEncodings = 0;
			knownRegions = (
				en,
			);
			mainGroup = B61B88021847AD20009F75D5;
			productRefGroup = B61B880C1847AD20009F75D5 /* Products */;
			projectDirPath = "";
			projectRoot = "";
			targets = (
				B61B880A1847AD20009F75D5 /* Code-C */,
			);
		};
/* End PBXProject section */

/* Begin PBXSourcesBuildPhase section */
		B61B88071847AD20009F75D5 /* Sources */ = {
			isa = PBXSourcesBuildPhase;
			buildActionMask = 2147483647;
			files = (
				B67D983E185A01C90029AF82 /* shader.cpp in Sources */,
				B67D9844185A03680029AF82 /* loadPNG.cpp in Sources */,
				B61B88341847B990009F75D5 /* point.cpp in Sources */,
				B60A84FC186940A3006E26EB /* endPath.cpp in Sources */,
				B61B88441848E62C009F75D5 /* color.cpp in Sources */,
				B61B8851184AB879009F75D5 /* path.cpp in Sources */,
				B60A850A186A20FA006E26EB /* levelSelectScreen.cpp in Sources */,
				B61B88261847B321009F75D5 /* SDLMain.m in Sources */,
				B61B884A184A5BD3009F75D5 /* camera.cpp in Sources */,
				B65C9055184D205B00B9D7E2 /* utility.cpp in Sources */,
				B61B884E184A62C1009F75D5 /* algebra.cpp in Sources */,
				B60A8507186A1466006E26EB /* levelScreen.cpp in Sources */,
				B66F2A95185FDFC300317074 /* colorRule.cpp in Sources */,
				B67D9857185D19DE0029AF82 /* flipPath.cpp in Sources */,
				B61B880F1847AD20009F75D5 /* main.cpp in Sources */,
				B61B88471848FED6009F75D5 /* vector.cpp in Sources */,
				B60A84F618673554006E26EB /* flyPath.cpp in Sources */,
				B65C90581852426F00B9D7E2 /* matrix.cpp in Sources */,
				B67D9845185A03680029AF82 /* texture.cpp in Sources */,
				B60A84F91867A5E9006E26EB /* flipColorPath.cpp in Sources */,
				B60A850118694C1F006E26EB /* screenController.cpp in Sources */,
				B60A850D186A91E1006E26EB /* pathMaker.cpp in Sources */,
				B61B8838184808F8009F75D5 /* protagonist.cpp in Sources */,
				B61B88311847B614009F75D5 /* stopWatch.cpp in Sources */,
			);
			runOnlyForDeploymentPostprocessing = 0;
		};
/* End PBXSourcesBuildPhase section */

/* Begin XCBuildConfiguration section */
		B61B88121847AD20009F75D5 /* Debug */ = {
			isa = XCBuildConfiguration;
			buildSettings = {
				ALWAYS_SEARCH_USER_PATHS = NO;
				CLANG_CXX_LANGUAGE_STANDARD = "gnu++0x";
				CLANG_CXX_LIBRARY = "libc++";
				CLANG_ENABLE_OBJC_ARC = YES;
				CLANG_WARN_BOOL_CONVERSION = YES;
				CLANG_WARN_CONSTANT_CONVERSION = YES;
				CLANG_WARN_DIRECT_OBJC_ISA_USAGE = YES_ERROR;
				CLANG_WARN_EMPTY_BODY = YES;
				CLANG_WARN_ENUM_CONVERSION = YES;
				CLANG_WARN_INT_CONVERSION = YES;
				CLANG_WARN_OBJC_ROOT_CLASS = YES_ERROR;
				CLANG_WARN__DUPLICATE_METHOD_MATCH = YES;
				COPY_PHASE_STRIP = NO;
				GCC_C_LANGUAGE_STANDARD = gnu99;
				GCC_DYNAMIC_NO_PIC = NO;
				GCC_ENABLE_OBJC_EXCEPTIONS = YES;
				GCC_OPTIMIZATION_LEVEL = 0;
				GCC_PREPROCESSOR_DEFINITIONS = (
					"DEBUG=1",
					"$(inherited)",
				);
				GCC_SYMBOLS_PRIVATE_EXTERN = NO;
				GCC_WARN_64_TO_32_BIT_CONVERSION = YES;
				GCC_WARN_ABOUT_RETURN_TYPE = YES_ERROR;
				GCC_WARN_UNDECLARED_SELECTOR = YES;
				GCC_WARN_UNINITIALIZED_AUTOS = YES;
				GCC_WARN_UNUSED_FUNCTION = YES;
				GCC_WARN_UNUSED_VARIABLE = YES;
				MACOSX_DEPLOYMENT_TARGET = 10.9;
				ONLY_ACTIVE_ARCH = YES;
				SDKROOT = macosx;
			};
			name = Debug;
		};
		B61B88131847AD20009F75D5 /* Release */ = {
			isa = XCBuildConfiguration;
			buildSettings = {
				ALWAYS_SEARCH_USER_PATHS = NO;
				CLANG_CXX_LANGUAGE_STANDARD = "gnu++0x";
				CLANG_CXX_LIBRARY = "libc++";
				CLANG_ENABLE_OBJC_ARC = YES;
				CLANG_WARN_BOOL_CONVERSION = YES;
				CLANG_WARN_CONSTANT_CONVERSION = YES;
				CLANG_WARN_DIRECT_OBJC_ISA_USAGE = YES_ERROR;
				CLANG_WARN_EMPTY_BODY = YES;
				CLANG_WARN_ENUM_CONVERSION = YES;
				CLANG_WARN_INT_CONVERSION = YES;
				CLANG_WARN_OBJC_ROOT_CLASS = YES_ERROR;
				CLANG_WARN__DUPLICATE_METHOD_MATCH = YES;
				COPY_PHASE_STRIP = YES;
				DEBUG_INFORMATION_FORMAT = "dwarf-with-dsym";
				ENABLE_NS_ASSERTIONS = NO;
				GCC_C_LANGUAGE_STANDARD = gnu99;
				GCC_ENABLE_OBJC_EXCEPTIONS = YES;
				GCC_WARN_64_TO_32_BIT_CONVERSION = YES;
				GCC_WARN_ABOUT_RETURN_TYPE = YES_ERROR;
				GCC_WARN_UNDECLARED_SELECTOR = YES;
				GCC_WARN_UNINITIALIZED_AUTOS = YES;
				GCC_WARN_UNUSED_FUNCTION = YES;
				GCC_WARN_UNUSED_VARIABLE = YES;
				MACOSX_DEPLOYMENT_TARGET = 10.9;
				SDKROOT = macosx;
			};
			name = Release;
		};
		B61B88151847AD20009F75D5 /* Debug */ = {
			isa = XCBuildConfiguration;
			buildSettings = {
				CLANG_ENABLE_OBJC_ARC = NO;
				FRAMEWORK_SEARCH_PATHS = "/Library/Frameworks ";
				HEADER_SEARCH_PATHS = /usr/local/lib;
				LIBRARY_SEARCH_PATHS = /usr/local/include;
				MACOSX_DEPLOYMENT_TARGET = 10.8;
				OTHER_LDFLAGS = "";
				PRODUCT_NAME = "$(TARGET_NAME)";
			};
			name = Debug;
		};
		B61B88161847AD20009F75D5 /* Release */ = {
			isa = XCBuildConfiguration;
			buildSettings = {
				CLANG_ENABLE_OBJC_ARC = NO;
				FRAMEWORK_SEARCH_PATHS = "/Library/Frameworks ";
				HEADER_SEARCH_PATHS = /usr/local/lib;
				LIBRARY_SEARCH_PATHS = /usr/local/include;
				MACOSX_DEPLOYMENT_TARGET = 10.8;
				OTHER_LDFLAGS = "";
				PRODUCT_NAME = "$(TARGET_NAME)";
			};
			name = Release;
		};
/* End XCBuildConfiguration section */

/* Begin XCConfigurationList section */
		B61B88061847AD20009F75D5 /* Build configuration list for PBXProject "Code-C" */ = {
			isa = XCConfigurationList;
			buildConfigurations = (
				B61B88121847AD20009F75D5 /* Debug */,
				B61B88131847AD20009F75D5 /* Release */,
			);
			defaultConfigurationIsVisible = 0;
			defaultConfigurationName = Release;
		};
		B61B88141847AD20009F75D5 /* Build configuration list for PBXNativeTarget "Code-C" */ = {
			isa = XCConfigurationList;
			buildConfigurations = (
				B61B88151847AD20009F75D5 /* Debug */,
				B61B88161847AD20009F75D5 /* Release */,
			);
			defaultConfigurationIsVisible = 0;
			defaultConfigurationName = Release;
		};
/* End XCConfigurationList section */
	};
	rootObject = B61B88031847AD20009F75D5 /* Project object */;
}
